{
  "name": "worker",
  "version": "1.0.0",
  "lockfileVersion": 2,
  "requires": true,
  "packages": {
    "": {
      "name": "worker",
      "version": "1.0.0",
      "license": "ISC",
      "dependencies": {
        "itty-router": "^2.3.6",
        "itty-router-extras": "^0.4.2",
        "nanoid": "^3.1.22"
      }
    },
    "node_modules/itty-router": {
      "version": "2.3.6",
      "resolved": "https://registry.npmjs.org/itty-router/-/itty-router-2.3.6.tgz",
      "integrity": "sha512-rBCVdpNa7NFFskwWzXAT846bCMIIrUq9Nhntr6w6qhX7MuGWFWElQYQ6DQ4XCOGsNQzEpfTXHSWQBpIDjVbIiw=="
    },
    "node_modules/itty-router-extras": {
      "version": "0.4.2",
      "resolved": "https://registry.npmjs.org/itty-router-extras/-/itty-router-extras-0.4.2.tgz",
      "integrity": "sha512-ppHaBzcTXs7idFSDISehG+8kif2/4aqLCfyY/Y/uIZv79sfEfNmTq9G+rDeqblun/VZRBiXZD8ztYmMS8EOsKw=="
    },
    "node_modules/nanoid": {
      "version": "3.1.22",
      "resolved": "https://registry.npmjs.org/nanoid/-/nanoid-3.1.22.tgz",
      "integrity": "sha512-/2ZUaJX2ANuLtTvqTlgqBQNJoQO398KyJgZloL0PZkC0dpysjncRUPsFe3DUPzz/y3h+u7C46np8RMuvF3jsSQ==",
      "bin": {
        "nanoid": "bin/nanoid.cjs"
      },
      "engines": {
        "node": "^10 || ^12 || ^13.7 || ^14 || >=15.0.1"
      }
    }
  },
  "dependencies": {
    "itty-router": {
      "version": "2.3.6",
      "resolved": "https://registry.npmjs.org/itty-router/-/itty-router-2.3.6.tgz",
      "integrity": "sha512-rBCVdpNa7NFFskwWzXAT846bCMIIrUq9Nhntr6w6qhX7MuGWFWElQYQ6DQ4XCOGsNQzEpfTXHSWQBpIDjVbIiw=="
    },
    "itty-router-extras": {
      "version": "0.4.2",
      "resolved": "https://registry.npmjs.org/itty-router-extras/-/itty-router-extras-0.4.2.tgz",
      "integrity": "sha512-ppHaBzcTXs7idFSDISehG+8kif2/4aqLCfyY/Y/uIZv79sfEfNmTq9G+rDeqblun/VZRBiXZD8ztYmMS8EOsKw=="
    },
    "nanoid": {
      "version": "3.1.22",
      "resolved": "https://registry.npmjs.org/nanoid/-/nanoid-3.1.22.tgz",
      "integrity": "sha512-/2ZUaJX2ANuLtTvqTlgqBQNJoQO398KyJgZloL0PZkC0dpysjncRUPsFe3DUPzz/y3h+u7C46np8RMuvF3jsSQ=="
    }
  }
}
